{
    "_meta": {
        "hash": {
            "sha256": "94789288d8d30ddac4c986ecd6a448fd83faf7183bc52bac6ee60a520e7ee40c"
        },
        "pipfile-spec": 6,
        "requires": {
            "python_version": "3.8"
        },
        "sources": [
            {
                "name": "pypi",
                "url": "https://pypi.org/simple",
                "verify_ssl": true
            }
        ]
    },
    "default": {
        "cx-oracle": {
            "hashes": [
                "sha256:12e7e913a7a10fd8caafb9855e6703a601b7dd5cc596fcd489d0ac9529608b6c",
                "sha256:2c940fec140ecd7498328b8351442e00e2d2c88b503ee5d0545cadb24e0e4d60",
                "sha256:32b2991cb76fa6461fda24e263ce598eadc17a2b8af12ec03ecee9dafc402cb8",
                "sha256:3b95cdde0806ef16ee1e50d1a8aee5fb6eb28aa65a72ada3ec1598d57a3e3ed0",
                "sha256:53d2d807ea7dc2f5621ef23566f930721dc34a79e10e24afa8793c2c72910077",
                "sha256:54d7717b8b5b004ed051921f88b2414424dc25352bdb05f07698086e1e26a574",
                "sha256:78a195f176854ce5b74ff31bb485d293ce53df525811f71785779e5be4c98e8e",
                "sha256:7a7fe16fb6ebd09cbfb7fffe4e202bf82071c63a81ef514c47e3d5267d076e1a",
                "sha256:7b260db58c9e330832480dded5109815f4df3968f9bc0510a63922a600c97f81",
                "sha256:ad23cd6a527e43bb3d992e68d0c41ab6a08e7055fb2285389619dcc193f15c6e",
                "sha256:bc32f11b67ed649af13217f3d5df047990672b2a04737a82ffc1f6672672f66a",
                "sha256:c70d6dbab3ce19fd4b2bd58af9cf3c61120d0f1770dcdffe79c93a2cae9b2938",
                "sha256:efdfbd5a08bcaccf1cdf789455cb166814a55a2a2a15aa5ca22f592366a54ddd"
            ],
            "index": "pypi",
            "version": "==8.2.1"
        },
        "expiringdict": {
            "hashes": [
                "sha256:fe2ba427220425c3c8a3d29f6d2e2985bcee323f8bcd4021e68ebefbd90d8250"
            ],
            "index": "pypi",
            "version": "==1.2.1"
        },
        "greenlet": {
            "hashes": [
                "sha256:03a8f4f3430c3b3ff8d10a2a86028c660355ab637cee9333d63d66b56f09d52a",
                "sha256:0bf60faf0bc2468089bdc5edd10555bab6e85152191df713e2ab1fcc86382b5a",
                "sha256:18a7f18b82b52ee85322d7a7874e676f34ab319b9f8cce5de06067384aa8ff43",
                "sha256:18e98fb3de7dba1c0a852731c3070cf022d14f0d68b4c87a19cc1016f3bb8b33",
                "sha256:1a819eef4b0e0b96bb0d98d797bef17dc1b4a10e8d7446be32d1da33e095dbb8",
                "sha256:26fbfce90728d82bc9e6c38ea4d038cba20b7faf8a0ca53a9c07b67318d46088",
                "sha256:2780572ec463d44c1d3ae850239508dbeb9fed38e294c68d19a24d925d9223ca",
                "sha256:283737e0da3f08bd637b5ad058507e578dd462db259f7f6e4c5c365ba4ee9343",
                "sha256:2d4686f195e32d36b4d7cf2d166857dbd0ee9f3d20ae349b6bf8afc8485b3645",
                "sha256:2dd11f291565a81d71dab10b7033395b7a3a5456e637cf997a6f33ebdf06f8db",
                "sha256:30bcf80dda7f15ac77ba5af2b961bdd9dbc77fd4ac6105cee85b0d0a5fcf74df",
                "sha256:32e5b64b148966d9cccc2c8d35a671409e45f195864560829f395a54226408d3",
                "sha256:36abbf031e1c0f79dd5d596bfaf8e921c41df2bdf54ee1eed921ce1f52999a86",
                "sha256:3a06ad5312349fec0ab944664b01d26f8d1f05009566339ac6f63f56589bc1a2",
                "sha256:3a51c9751078733d88e013587b108f1b7a1fb106d402fb390740f002b6f6551a",
                "sha256:3c9b12575734155d0c09d6c3e10dbd81665d5c18e1a7c6597df72fd05990c8cf",
                "sha256:3f6ea9bd35eb450837a3d80e77b517ea5bc56b4647f5502cd28de13675ee12f7",
                "sha256:4b58adb399c4d61d912c4c331984d60eb66565175cdf4a34792cd9600f21b394",
                "sha256:4d2e11331fc0c02b6e84b0d28ece3a36e0548ee1a1ce9ddde03752d9b79bba40",
                "sha256:5454276c07d27a740c5892f4907c86327b632127dd9abec42ee62e12427ff7e3",
                "sha256:561091a7be172ab497a3527602d467e2b3fbe75f9e783d8b8ce403fa414f71a6",
                "sha256:6c3acb79b0bfd4fe733dff8bc62695283b57949ebcca05ae5c129eb606ff2d74",
                "sha256:703f18f3fda276b9a916f0934d2fb6d989bf0b4fb5a64825260eb9bfd52d78f0",
                "sha256:7492e2b7bd7c9b9916388d9df23fa49d9b88ac0640db0a5b4ecc2b653bf451e3",
                "sha256:76ae285c8104046b3a7f06b42f29c7b73f77683df18c49ab5af7983994c2dd91",
                "sha256:7cafd1208fdbe93b67c7086876f061f660cfddc44f404279c1585bbf3cdc64c5",
                "sha256:7efde645ca1cc441d6dc4b48c0f7101e8d86b54c8530141b09fd31cef5149ec9",
                "sha256:88d9ab96491d38a5ab7c56dd7a3cc37d83336ecc564e4e8816dbed12e5aaefc8",
                "sha256:8eab883b3b2a38cc1e050819ef06a7e6344d4a990d24d45bc6f2cf959045a45b",
                "sha256:910841381caba4f744a44bf81bfd573c94e10b3045ee00de0cbf436fe50673a6",
                "sha256:9190f09060ea4debddd24665d6804b995a9c122ef5917ab26e1566dcc712ceeb",
                "sha256:937e9020b514ceedb9c830c55d5c9872abc90f4b5862f89c0887033ae33c6f73",
                "sha256:94c817e84245513926588caf1152e3b559ff794d505555211ca041f032abbb6b",
                "sha256:971ce5e14dc5e73715755d0ca2975ac88cfdaefcaab078a284fea6cfabf866df",
                "sha256:9d14b83fab60d5e8abe587d51c75b252bcc21683f24699ada8fb275d7712f5a9",
                "sha256:9f35ec95538f50292f6d8f2c9c9f8a3c6540bbfec21c9e5b4b751e0a7c20864f",
                "sha256:a1846f1b999e78e13837c93c778dcfc3365902cfb8d1bdb7dd73ead37059f0d0",
                "sha256:acd2162a36d3de67ee896c43effcd5ee3de247eb00354db411feb025aa319857",
                "sha256:b0ef99cdbe2b682b9ccbb964743a6aca37905fda5e0452e5ee239b1654d37f2a",
                "sha256:b80f600eddddce72320dbbc8e3784d16bd3fb7b517e82476d8da921f27d4b249",
                "sha256:b864ba53912b6c3ab6bcb2beb19f19edd01a6bfcbdfe1f37ddd1778abfe75a30",
                "sha256:b9ec052b06a0524f0e35bd8790686a1da006bd911dd1ef7d50b77bfbad74e292",
                "sha256:ba2956617f1c42598a308a84c6cf021a90ff3862eddafd20c3333d50f0edb45b",
                "sha256:bdfea8c661e80d3c1c99ad7c3ff74e6e87184895bbaca6ee8cc61209f8b9b85d",
                "sha256:be4ed120b52ae4d974aa40215fcdfde9194d63541c7ded40ee12eb4dda57b76b",
                "sha256:c4302695ad8027363e96311df24ee28978162cdcdd2006476c43970b384a244c",
                "sha256:c48f54ef8e05f04d6eff74b8233f6063cb1ed960243eacc474ee73a2ea8573ca",
                "sha256:c9c59a2120b55788e800d82dfa99b9e156ff8f2227f07c5e3012a45a399620b7",
                "sha256:cd021c754b162c0fb55ad5d6b9d960db667faad0fa2ff25bb6e1301b0b6e6a75",
                "sha256:d27ec7509b9c18b6d73f2f5ede2622441de812e7b1a80bbd446cb0633bd3d5ae",
                "sha256:d5508f0b173e6aa47273bdc0a0b5ba055b59662ba7c7ee5119528f466585526b",
                "sha256:d75209eed723105f9596807495d58d10b3470fa6732dd6756595e89925ce2470",
                "sha256:db1a39669102a1d8d12b57de2bb7e2ec9066a6f2b3da35ae511ff93b01b5d564",
                "sha256:dbfcfc0218093a19c252ca8eb9aee3d29cfdcb586df21049b9d777fd32c14fd9",
                "sha256:e0f72c9ddb8cd28532185f54cc1453f2c16fb417a08b53a855c4e6a418edd099",
                "sha256:e7c8dc13af7db097bed64a051d2dd49e9f0af495c26995c00a9ee842690d34c0",
                "sha256:ea9872c80c132f4663822dd2a08d404073a5a9b5ba6155bea72fb2a79d1093b5",
                "sha256:eff4eb9b7eb3e4d0cae3d28c283dc16d9bed6b193c2e1ace3ed86ce48ea8df19",
                "sha256:f82d4d717d8ef19188687aa32b8363e96062911e63ba22a0cff7802a8e58e5f1",
                "sha256:fc3a569657468b6f3fb60587e48356fe512c1754ca05a564f11366ac9e306526"
            ],
            "markers": "platform_machine == 'aarch64' or (platform_machine == 'ppc64le' or (platform_machine == 'x86_64' or (platform_machine == 'amd64' or (platform_machine == 'AMD64' or (platform_machine == 'win32' or platform_machine == 'WIN32')))))",
            "version": "==2.0.2"
        },
        "psycopg2-binary": {
            "hashes": [
                "sha256:01310cf4cf26db9aea5158c217caa92d291f0500051a6469ac52166e1a16f5b7",
                "sha256:083a55275f09a62b8ca4902dd11f4b33075b743cf0d360419e2051a8a5d5ff76",
                "sha256:090f3348c0ab2cceb6dfbe6bf721ef61262ddf518cd6cc6ecc7d334996d64efa",
                "sha256:0a29729145aaaf1ad8bafe663131890e2111f13416b60e460dae0a96af5905c9",
                "sha256:0c9d5450c566c80c396b7402895c4369a410cab5a82707b11aee1e624da7d004",
                "sha256:10bb90fb4d523a2aa67773d4ff2b833ec00857f5912bafcfd5f5414e45280fb1",
                "sha256:12b11322ea00ad8db8c46f18b7dfc47ae215e4df55b46c67a94b4effbaec7094",
                "sha256:152f09f57417b831418304c7f30d727dc83a12761627bb826951692cc6491e57",
                "sha256:15803fa813ea05bef089fa78835118b5434204f3a17cb9f1e5dbfd0b9deea5af",
                "sha256:15c4e4cfa45f5a60599d9cec5f46cd7b1b29d86a6390ec23e8eebaae84e64554",
                "sha256:183a517a3a63503f70f808b58bfbf962f23d73b6dccddae5aa56152ef2bcb232",
                "sha256:1f14c8b0942714eb3c74e1e71700cbbcb415acbc311c730370e70c578a44a25c",
                "sha256:1f6b813106a3abdf7b03640d36e24669234120c72e91d5cbaeb87c5f7c36c65b",
                "sha256:280b0bb5cbfe8039205c7981cceb006156a675362a00fe29b16fbc264e242834",
                "sha256:2d872e3c9d5d075a2e104540965a1cf898b52274a5923936e5bfddb58c59c7c2",
                "sha256:2f2534ab7dc7e776a263b463a16e189eb30e85ec9bbe1bff9e78dae802608932",
                "sha256:2f9ffd643bc7349eeb664eba8864d9e01f057880f510e4681ba40a6532f93c71",
                "sha256:3303f8807f342641851578ee7ed1f3efc9802d00a6f83c101d21c608cb864460",
                "sha256:35168209c9d51b145e459e05c31a9eaeffa9a6b0fd61689b48e07464ffd1a83e",
                "sha256:3a79d622f5206d695d7824cbf609a4f5b88ea6d6dab5f7c147fc6d333a8787e4",
                "sha256:404224e5fef3b193f892abdbf8961ce20e0b6642886cfe1fe1923f41aaa75c9d",
                "sha256:46f0e0a6b5fa5851bbd9ab1bc805eef362d3a230fbdfbc209f4a236d0a7a990d",
                "sha256:47133f3f872faf28c1e87d4357220e809dfd3fa7c64295a4a148bcd1e6e34ec9",
                "sha256:526ea0378246d9b080148f2d6681229f4b5964543c170dd10bf4faaab6e0d27f",
                "sha256:53293533fcbb94c202b7c800a12c873cfe24599656b341f56e71dd2b557be063",
                "sha256:539b28661b71da7c0e428692438efbcd048ca21ea81af618d845e06ebfd29478",
                "sha256:57804fc02ca3ce0dbfbef35c4b3a4a774da66d66ea20f4bda601294ad2ea6092",
                "sha256:63638d875be8c2784cfc952c9ac34e2b50e43f9f0a0660b65e2a87d656b3116c",
                "sha256:6472a178e291b59e7f16ab49ec8b4f3bdada0a879c68d3817ff0963e722a82ce",
                "sha256:68641a34023d306be959101b345732360fc2ea4938982309b786f7be1b43a4a1",
                "sha256:6e82d38390a03da28c7985b394ec3f56873174e2c88130e6966cb1c946508e65",
                "sha256:761df5313dc15da1502b21453642d7599d26be88bff659382f8f9747c7ebea4e",
                "sha256:7af0dd86ddb2f8af5da57a976d27cd2cd15510518d582b478fbb2292428710b4",
                "sha256:7b1e9b80afca7b7a386ef087db614faebbf8839b7f4db5eb107d0f1a53225029",
                "sha256:874a52ecab70af13e899f7847b3e074eeb16ebac5615665db33bce8a1009cf33",
                "sha256:887dd9aac71765ac0d0bac1d0d4b4f2c99d5f5c1382d8b770404f0f3d0ce8a39",
                "sha256:8b344adbb9a862de0c635f4f0425b7958bf5a4b927c8594e6e8d261775796d53",
                "sha256:8fc53f9af09426a61db9ba357865c77f26076d48669f2e1bb24d85a22fb52307",
                "sha256:91920527dea30175cc02a1099f331aa8c1ba39bf8b7762b7b56cbf54bc5cce42",
                "sha256:93cd1967a18aa0edd4b95b1dfd554cf15af657cb606280996d393dadc88c3c35",
                "sha256:99485cab9ba0fa9b84f1f9e1fef106f44a46ef6afdeec8885e0b88d0772b49e8",
                "sha256:9d29409b625a143649d03d0fd7b57e4b92e0ecad9726ba682244b73be91d2fdb",
                "sha256:a29b3ca4ec9defec6d42bf5feb36bb5817ba3c0230dd83b4edf4bf02684cd0ae",
                "sha256:a9e1f75f96ea388fbcef36c70640c4efbe4650658f3d6a2967b4cc70e907352e",
                "sha256:accfe7e982411da3178ec690baaceaad3c278652998b2c45828aaac66cd8285f",
                "sha256:adf20d9a67e0b6393eac162eb81fb10bc9130a80540f4df7e7355c2dd4af9fba",
                "sha256:af9813db73395fb1fc211bac696faea4ca9ef53f32dc0cfa27e4e7cf766dcf24",
                "sha256:b1c8068513f5b158cf7e29c43a77eb34b407db29aca749d3eb9293ee0d3103ca",
                "sha256:b3a24a1982ae56461cc24f6680604fffa2c1b818e9dc55680da038792e004d18",
                "sha256:bda845b664bb6c91446ca9609fc69f7db6c334ec5e4adc87571c34e4f47b7ddb",
                "sha256:c381bda330ddf2fccbafab789d83ebc6c53db126e4383e73794c74eedce855ef",
                "sha256:c3ae8e75eb7160851e59adc77b3a19a976e50622e44fd4fd47b8b18208189d42",
                "sha256:d1c1b569ecafe3a69380a94e6ae09a4789bbb23666f3d3a08d06bbd2451f5ef1",
                "sha256:def68d7c21984b0f8218e8a15d514f714d96904265164f75f8d3a70f9c295667",
                "sha256:dffc08ca91c9ac09008870c9eb77b00a46b3378719584059c034b8945e26b272",
                "sha256:e3699852e22aa68c10de06524a3721ade969abf382da95884e6a10ff798f9281",
                "sha256:e6aa71ae45f952a2205377773e76f4e3f27951df38e69a4c95440c779e013560",
                "sha256:e847774f8ffd5b398a75bc1c18fbb56564cda3d629fe68fd81971fece2d3c67e",
                "sha256:ffb7a888a047696e7f8240d649b43fb3644f14f0ee229077e7f6b9f9081635bd"
            ],
            "index": "pypi",
            "version": "==2.9.3"
        },
        "pymysql": {
            "hashes": [
                "sha256:41fc3a0c5013d5f039639442321185532e3e2c8924687abe6537de157d403641",
                "sha256:816927a350f38d56072aeca5dfb10221fe1dc653745853d30a216637f5d7ad36"
            ],
            "index": "pypi",
            "version": "==1.0.2"
        },
        "pyodbc": {
            "hashes": [
                "sha256:22a1b1f69fc0694ad5cccd0e59bd154c6a7a3f3520eca15c8cb6b6d2e9a61a29",
                "sha256:30c7ee71e2361d19f6bdaba138a635e3b956501365c1e4f9492ce8ae25497fc7",
                "sha256:3b9f387de4b4ddb9a14cbc29bf2243e1852936a7bdaf008415766ddaa5bcb23a",
                "sha256:7653763421de86a592a1f6e90795c123a8ab376f3c60479b93e60323600dc94b",
                "sha256:78d73b9c1fadcaca50d5ba76fcef08da866989cba5a3b347bbbeb809898c5db0",
                "sha256:89256e79d23415887cacf0a821f9f94baa5d833080521d456687d5e88c40c226",
                "sha256:9dd09ea1f8b0cbd0f9084cf71621fb0362fcf98677dccbf72ab7290b4e1f8290",
                "sha256:9dfed15c049c3862d3c00b9e407548339f2483b0044fe2d0941acfac5c3168fa",
                "sha256:b3dbc1fe79e563d3ada9dda8a7f9339823fc8b6286f6bac8caa2f5784b098dbf",
                "sha256:c26f13f68bb67358d06c8e451b7129ffd0f7bfd0b9862c25eb84231c06570969",
                "sha256:d35c39d5bae89a467be02e438e98dd665d9e764a631558a2ba7c3d4f9c1c0ba1",
                "sha256:ee71646c173db7d9672706a2ffab453731e3e71bd33ca77bba87ad0cbceb2a4d",
                "sha256:ef7081be80f72a55d67115743b4b5b549731a1eabac0ff77ed1bbb5317f46b49"
            ],
            "index": "pypi",
            "version": "==4.0.31"
        },
        "sqlalchemy": {
            "hashes": [
                "sha256:011ef3c33f30bae5637c575f30647e0add98686642d237f0c3a1e3d9b35747fa",
                "sha256:0adca8a3ca77234a142c5afed29322fb501921f13d1d5e9fa4253450d786c160",
                "sha256:1644c603558590f465b3fa16e4557d87d3962bc2c81fd7ea85b582ecf4676b31",
                "sha256:2267c004e78e291bba0dc766a9711c389649cf3e662cd46eec2bc2c238c637bd",
                "sha256:25e4e54575f9d2af1eab82d3a470fca27062191c48ee57b6386fe09a3c0a6a33",
                "sha256:2a2f9120eb32190bdba31d1022181ef08f257aed4f984f3368aa4e838de72bc0",
                "sha256:2c82395e2925639e6d320592943608070678e7157bd1db2672a63be9c7889434",
                "sha256:3f927340b37fe65ec42e19af7ce15260a73e11c6b456febb59009bfdfec29a35",
                "sha256:54aa9f40d88728dd058e951eeb5ecc55241831ba4011e60c641738c1da0146b7",
                "sha256:57dcd9eed52413f7270b22797aa83c71b698db153d1541c1e83d45ecdf8e95e7",
                "sha256:582053571125895d008d4b8d9687d12d4bd209c076cdbab3504da307e2a0a2bd",
                "sha256:59cf0cdb29baec4e074c7520d7226646a8a8f856b87d8300f3e4494901d55235",
                "sha256:6363697c938b9a13e07f1bc2cd433502a7aa07efd55b946b31d25b9449890621",
                "sha256:662a79e80f3e9fe33b7861c19fedf3d8389fab2413c04bba787e3f1139c22188",
                "sha256:67901b91bf5821482fcbe9da988cb16897809624ddf0fde339cd62365cc50032",
                "sha256:679b9bd10bb32b8d3befed4aad4356799b6ec1bdddc0f930a79e41ba5b084124",
                "sha256:738c80705e11c1268827dbe22c01162a9cdc98fc6f7901b429a1459db2593060",
                "sha256:77a380bf8721b416782c763e0ff66f80f3b05aee83db33ddfc0eac20bcb6791f",
                "sha256:77d05773d5c79f2d3371d81697d54ee1b2c32085ad434ce9de4482e457ecb018",
                "sha256:817aab80f7e8fe581696dae7aaeb2ceb0b7ea70ad03c95483c9115970d2a9b00",
                "sha256:81f1ea264278fcbe113b9a5840f13a356cb0186e55b52168334124f1cd1bc495",
                "sha256:8a88b32ce5b69d18507ffc9f10401833934ebc353c7b30d1e056023c64f0a736",
                "sha256:8ff0a7c669ec7cdb899eae7e622211c2dd8725b82655db2b41740d39e3cda466",
                "sha256:918c2b553e3c78268b187f70983c9bc6f91e451a4f934827e9c919e03d258bd7",
                "sha256:954f1ad73b78ea5ba5a35c89c4a5dfd0f3a06c17926503de19510eb9b3857bde",
                "sha256:95a18e1a6af2114dbd9ee4f168ad33070d6317e11bafa28d983cc7b585fe900b",
                "sha256:9946ee503962859f1a9e1ad17dff0859269b0cb453686747fe87f00b0e030b34",
                "sha256:9a7ecaf90fe9ec8e45c86828f4f183564b33c9514e08667ca59e526fea63893a",
                "sha256:a42e6831e82dfa6d16b45f0c98c69e7b0defc64d76213173456355034450c414",
                "sha256:b01dce097cf6f145da131a53d4cce7f42e0bfa9ae161dd171a423f7970d296d0",
                "sha256:b5deafb4901618b3f98e8df7099cd11edd0d1e6856912647e28968b803de0dae",
                "sha256:b67d6e626caa571fb53accaac2fba003ef4f7317cb3481e9ab99dad6e89a70d6",
                "sha256:c1e8edc49b32483cd5d2d015f343e16be7dfab89f4aaf66b0fa6827ab356880d",
                "sha256:c621f05859caed5c0aab032888a3d3bde2cae3988ca151113cbecf262adad976",
                "sha256:ce54965a94673a0ebda25e7c3a05bf1aa74fd78cc452a1a710b704bf73fb8402",
                "sha256:d8efdda920988bcade542f53a2890751ff680474d548f32df919a35a21404e3f",
                "sha256:dc7b9f55c2f72c13b2328b8a870ff585c993ba1b5c155ece5c9d3216fa4b18f6",
                "sha256:dd801375f19a6e1f021dabd8b1714f2fdb91cbc835cd13b5dd0bd7e9860392d7",
                "sha256:f342057422d6bcfdd4996e34cd5c7f78f7e500112f64b113f334cdfc6a0c593d",
                "sha256:f696828784ab2c07b127bfd2f2d513f47ec58924c29cff5b19806ac37acee31c",
                "sha256:fdb2686eb01f670cdc6c43f092e333ff08c1cf0b646da5256c1237dc4ceef4ae"
            ],
            "index": "pypi",
            "version": "==2.0.4"
        },
        "typing-extensions": {
            "hashes": [
                "sha256:5cb5f4a79139d699607b3ef622a1dedafa84e115ab0024e0d9c044a9479ca7cb",
                "sha256:fb33085c39dd998ac16d1431ebc293a8b3eedd00fd4a32de0ff79002c19511b4"
            ],
            "markers": "python_version >= '3.7'",
            "version": "==4.5.0"
        }
    },
    "develop": {}
}
