{
    "_meta": {
        "hash": {
            "sha256": "94789288d8d30ddac4c986ecd6a448fd83faf7183bc52bac6ee60a520e7ee40c"
        },
        "pipfile-spec": 6,
        "requires": {
            "python_version": "3.8"
        },
        "sources": [
            {
                "name": "pypi",
                "url": "https://pypi.org/simple",
                "verify_ssl": true
            }
        ]
    },
    "default": {
        "cx-oracle": {
            "hashes": [
                "sha256:12e7e913a7a10fd8caafb9855e6703a601b7dd5cc596fcd489d0ac9529608b6c",
                "sha256:2c940fec140ecd7498328b8351442e00e2d2c88b503ee5d0545cadb24e0e4d60",
                "sha256:32b2991cb76fa6461fda24e263ce598eadc17a2b8af12ec03ecee9dafc402cb8",
                "sha256:3b95cdde0806ef16ee1e50d1a8aee5fb6eb28aa65a72ada3ec1598d57a3e3ed0",
                "sha256:53d2d807ea7dc2f5621ef23566f930721dc34a79e10e24afa8793c2c72910077",
                "sha256:54d7717b8b5b004ed051921f88b2414424dc25352bdb05f07698086e1e26a574",
                "sha256:78a195f176854ce5b74ff31bb485d293ce53df525811f71785779e5be4c98e8e",
                "sha256:7a7fe16fb6ebd09cbfb7fffe4e202bf82071c63a81ef514c47e3d5267d076e1a",
                "sha256:7b260db58c9e330832480dded5109815f4df3968f9bc0510a63922a600c97f81",
                "sha256:ad23cd6a527e43bb3d992e68d0c41ab6a08e7055fb2285389619dcc193f15c6e",
                "sha256:bc32f11b67ed649af13217f3d5df047990672b2a04737a82ffc1f6672672f66a",
                "sha256:c70d6dbab3ce19fd4b2bd58af9cf3c61120d0f1770dcdffe79c93a2cae9b2938",
                "sha256:efdfbd5a08bcaccf1cdf789455cb166814a55a2a2a15aa5ca22f592366a54ddd"
            ],
            "index": "pypi",
            "version": "==8.2.1"
        },
        "expiringdict": {
            "hashes": [
                "sha256:fe2ba427220425c3c8a3d29f6d2e2985bcee323f8bcd4021e68ebefbd90d8250"
            ],
            "index": "pypi",
            "version": "==1.2.1"
        },
        "greenlet": {
            "hashes": [
                "sha256:03a8f4f3430c3b3ff8d10a2a86028c660355ab637cee9333d63d66b56f09d52a",
                "sha256:0bf60faf0bc2468089bdc5edd10555bab6e85152191df713e2ab1fcc86382b5a",
                "sha256:18a7f18b82b52ee85322d7a7874e676f34ab319b9f8cce5de06067384aa8ff43",
                "sha256:18e98fb3de7dba1c0a852731c3070cf022d14f0d68b4c87a19cc1016f3bb8b33",
                "sha256:1a819eef4b0e0b96bb0d98d797bef17dc1b4a10e8d7446be32d1da33e095dbb8",
                "sha256:26fbfce90728d82bc9e6c38ea4d038cba20b7faf8a0ca53a9c07b67318d46088",
                "sha256:2780572ec463d44c1d3ae850239508dbeb9fed38e294c68d19a24d925d9223ca",
                "sha256:283737e0da3f08bd637b5ad058507e578dd462db259f7f6e4c5c365ba4ee9343",
                "sha256:2d4686f195e32d36b4d7cf2d166857dbd0ee9f3d20ae349b6bf8afc8485b3645",
                "sha256:2dd11f291565a81d71dab10b7033395b7a3a5456e637cf997a6f33ebdf06f8db",
                "sha256:30bcf80dda7f15ac77ba5af2b961bdd9dbc77fd4ac6105cee85b0d0a5fcf74df",
                "sha256:32e5b64b148966d9cccc2c8d35a671409e45f195864560829f395a54226408d3",
                "sha256:36abbf031e1c0f79dd5d596bfaf8e921c41df2bdf54ee1eed921ce1f52999a86",
                "sha256:3a06ad5312349fec0ab944664b01d26f8d1f05009566339ac6f63f56589bc1a2",
                "sha256:3a51c9751078733d88e013587b108f1b7a1fb106d402fb390740f002b6f6551a",
                "sha256:3c9b12575734155d0c09d6c3e10dbd81665d5c18e1a7c6597df72fd05990c8cf",
                "sha256:3f6ea9bd35eb450837a3d80e77b517ea5bc56b4647f5502cd28de13675ee12f7",
                "sha256:4b58adb399c4d61d912c4c331984d60eb66565175cdf4a34792cd9600f21b394",
                "sha256:4d2e11331fc0c02b6e84b0d28ece3a36e0548ee1a1ce9ddde03752d9b79bba40",
                "sha256:5454276c07d27a740c5892f4907c86327b632127dd9abec42ee62e12427ff7e3",
                "sha256:561091a7be172ab497a3527602d467e2b3fbe75f9e783d8b8ce403fa414f71a6",
                "sha256:6c3acb79b0bfd4fe733dff8bc62695283b57949ebcca05ae5c129eb606ff2d74",
                "sha256:703f18f3fda276b9a916f0934d2fb6d989bf0b4fb5a64825260eb9bfd52d78f0",
                "sha256:7492e2b7bd7c9b9916388d9df23fa49d9b88ac0640db0a5b4ecc2b653bf451e3",
                "sha256:76ae285c8104046b3a7f06b42f29c7b73f77683df18c49ab5af7983994c2dd91",
                "sha256:7cafd1208fdbe93b67c7086876f061f660cfddc44f404279c1585bbf3cdc64c5",
                "sha256:7efde645ca1cc441d6dc4b48c0f7101e8d86b54c8530141b09fd31cef5149ec9",
                "sha256:88d9ab96491d38a5ab7c56dd7a3cc37d83336ecc564e4e8816dbed12e5aaefc8",
                "sha256:8eab883b3b2a38cc1e050819ef06a7e6344d4a990d24d45bc6f2cf959045a45b",
                "sha256:910841381caba4f744a44bf81bfd573c94e10b3045ee00de0cbf436fe50673a6",
                "sha256:9190f09060ea4debddd24665d6804b995a9c122ef5917ab26e1566dcc712ceeb",
                "sha256:937e9020b514ceedb9c830c55d5c9872abc90f4b5862f89c0887033ae33c6f73",
                "sha256:94c817e84245513926588caf1152e3b559ff794d505555211ca041f032abbb6b",
                "sha256:971ce5e14dc5e73715755d0ca2975ac88cfdaefcaab078a284fea6cfabf866df",
                "sha256:9d14b83fab60d5e8abe587d51c75b252bcc21683f24699ada8fb275d7712f5a9",
                "sha256:9f35ec95538f50292f6d8f2c9c9f8a3c6540bbfec21c9e5b4b751e0a7c20864f",
                "sha256:a1846f1b999e78e13837c93c778dcfc3365902cfb8d1bdb7dd73ead37059f0d0",
                "sha256:acd2162a36d3de67ee896c43effcd5ee3de247eb00354db411feb025aa319857",
                "sha256:b0ef99cdbe2b682b9ccbb964743a6aca37905fda5e0452e5ee239b1654d37f2a",
                "sha256:b80f600eddddce72320dbbc8e3784d16bd3fb7b517e82476d8da921f27d4b249",
                "sha256:b864ba53912b6c3ab6bcb2beb19f19edd01a6bfcbdfe1f37ddd1778abfe75a30",
                "sha256:b9ec052b06a0524f0e35bd8790686a1da006bd911dd1ef7d50b77bfbad74e292",
                "sha256:ba2956617f1c42598a308a84c6cf021a90ff3862eddafd20c3333d50f0edb45b",
                "sha256:bdfea8c661e80d3c1c99ad7c3ff74e6e87184895bbaca6ee8cc61209f8b9b85d",
                "sha256:be4ed120b52ae4d974aa40215fcdfde9194d63541c7ded40ee12eb4dda57b76b",
                "sha256:c4302695ad8027363e96311df24ee28978162cdcdd2006476c43970b384a244c",
                "sha256:c48f54ef8e05f04d6eff74b8233f6063cb1ed960243eacc474ee73a2ea8573ca",
                "sha256:c9c59a2120b55788e800d82dfa99b9e156ff8f2227f07c5e3012a45a399620b7",
                "sha256:cd021c754b162c0fb55ad5d6b9d960db667faad0fa2ff25bb6e1301b0b6e6a75",
                "sha256:d27ec7509b9c18b6d73f2f5ede2622441de812e7b1a80bbd446cb0633bd3d5ae",
                "sha256:d5508f0b173e6aa47273bdc0a0b5ba055b59662ba7c7ee5119528f466585526b",
                "sha256:d75209eed723105f9596807495d58d10b3470fa6732dd6756595e89925ce2470",
                "sha256:db1a39669102a1d8d12b57de2bb7e2ec9066a6f2b3da35ae511ff93b01b5d564",
                "sha256:dbfcfc0218093a19c252ca8eb9aee3d29cfdcb586df21049b9d777fd32c14fd9",
                "sha256:e0f72c9ddb8cd28532185f54cc1453f2c16fb417a08b53a855c4e6a418edd099",
                "sha256:e7c8dc13af7db097bed64a051d2dd49e9f0af495c26995c00a9ee842690d34c0",
                "sha256:ea9872c80c132f4663822dd2a08d404073a5a9b5ba6155bea72fb2a79d1093b5",
                "sha256:eff4eb9b7eb3e4d0cae3d28c283dc16d9bed6b193c2e1ace3ed86ce48ea8df19",
                "sha256:f82d4d717d8ef19188687aa32b8363e96062911e63ba22a0cff7802a8e58e5f1",
                "sha256:fc3a569657468b6f3fb60587e48356fe512c1754ca05a564f11366ac9e306526"
            ],
            "markers": "platform_machine == 'aarch64' or (platform_machine == 'ppc64le' or (platform_machine == 'x86_64' or (platform_machine == 'amd64' or (platform_machine == 'AMD64' or (platform_machine == 'win32' or platform_machine == 'WIN32')))))",
            "version": "==2.0.2"
        },
        "psycopg2-binary": {
            "hashes": [
                "sha256:01310cf4cf26db9aea5158c217caa92d291f0500051a6469ac52166e1a16f5b7",
                "sha256:083a55275f09a62b8ca4902dd11f4b33075b743cf0d360419e2051a8a5d5ff76",
                "sha256:090f3348c0ab2cceb6dfbe6bf721ef61262ddf518cd6cc6ecc7d334996d64efa",
                "sha256:0a29729145aaaf1ad8bafe663131890e2111f13416b60e460dae0a96af5905c9",
                "sha256:0c9d5450c566c80c396b7402895c4369a410cab5a82707b11aee1e624da7d004",
                "sha256:10bb90fb4d523a2aa67773d4ff2b833ec00857f5912bafcfd5f5414e45280fb1",
                "sha256:12b11322ea00ad8db8c46f18b7dfc47ae215e4df55b46c67a94b4effbaec7094",
                "sha256:152f09f57417b831418304c7f30d727dc83a12761627bb826951692cc6491e57",
                "sha256:15803fa813ea05bef089fa78835118b5434204f3a17cb9f1e5dbfd0b9deea5af",
                "sha256:15c4e4cfa45f5a60599d9cec5f46cd7b1b29d86a6390ec23e8eebaae84e64554",
                "sha256:183a517a3a63503f70f808b58bfbf962f23d73b6dccddae5aa56152ef2bcb232",
                "sha256:1f14c8b0942714eb3c74e1e71700cbbcb415acbc311c730370e70c578a44a25c",
                "sha256:1f6b813106a3abdf7b03640d36e24669234120c72e91d5cbaeb87c5f7c36c65b",
                "sha256:280b0bb5cbfe8039205c7981cceb006156a675362a00fe29b16fbc264e242834",
                "sha256:2d872e3c9d5d075a2e104540965a1cf898b52274a5923936e5bfddb58c59c7c2",
                "sha256:2f2534ab7dc7e776a263b463a16e189eb30e85ec9bbe1bff9e78dae802608932",
                "sha256:2f9ffd643bc7349eeb664eba8864d9e01f057880f510e4681ba40a6532f93c71",
                "sha256:3303f8807f342641851578ee7ed1f3efc9802d00a6f83c101d21c608cb864460",
                "sha256:35168209c9d51b145e459e05c31a9eaeffa9a6b0fd61689b48e07464ffd1a83e",
                "sha256:3a79d622f5206d695d7824cbf609a4f5b88ea6d6dab5f7c147fc6d333a8787e4",
                "sha256:404224e5fef3b193f892abdbf8961ce20e0b6642886cfe1fe1923f41aaa75c9d",
                "sha256:46f0e0a6b5fa5851bbd9ab1bc805eef362d3a230fbdfbc209f4a236d0a7a990d",
                "sha256:47133f3f872faf28c1e87d4357220e809dfd3fa7c64295a4a148bcd1e6e34ec9",
                "sha256:526ea0378246d9b080148f2d6681229f4b5964543c170dd10bf4faaab6e0d27f",
                "sha256:53293533fcbb94c202b7c800a12c873cfe24599656b341f56e71dd2b557be063",
                "sha256:539b28661b71da7c0e428692438efbcd048ca21ea81af618d845e06ebfd29478",
                "sha256:57804fc02ca3ce0dbfbef35c4b3a4a774da66d66ea20f4bda601294ad2ea6092",
                "sha256:63638d875be8c2784cfc952c9ac34e2b50e43f9f0a0660b65e2a87d656b3116c",
                "sha256:6472a178e291b59e7f16ab49ec8b4f3bdada0a879c68d3817ff0963e722a82ce",
                "sha256:68641a34023d306be959101b345732360fc2ea4938982309b786f7be1b43a4a1",
                "sha256:6e82d38390a03da28c7985b394ec3f56873174e2c88130e6966cb1c946508e65",
                "sha256:761df5313dc15da1502b21453642d7599d26be88bff659382f8f9747c7ebea4e",
                "sha256:7af0dd86ddb2f8af5da57a976d27cd2cd15510518d582b478fbb2292428710b4",
                "sha256:7b1e9b80afca7b7a386ef087db614faebbf8839b7f4db5eb107d0f1a53225029",
                "sha256:874a52ecab70af13e899f7847b3e074eeb16ebac5615665db33bce8a1009cf33",
                "sha256:887dd9aac71765ac0d0bac1d0d4b4f2c99d5f5c1382d8b770404f0f3d0ce8a39",
                "sha256:8b344adbb9a862de0c635f4f0425b7958bf5a4b927c8594e6e8d261775796d53",
                "sha256:8fc53f9af09426a61db9ba357865c77f26076d48669f2e1bb24d85a22fb52307",
                "sha256:91920527dea30175cc02a1099f331aa8c1ba39bf8b7762b7b56cbf54bc5cce42",
                "sha256:93cd1967a18aa0edd4b95b1dfd554cf15af657cb606280996d393dadc88c3c35",
                "sha256:99485cab9ba0fa9b84f1f9e1fef106f44a46ef6afdeec8885e0b88d0772b49e8",
                "sha256:9d29409b625a143649d03d0fd7b57e4b92e0ecad9726ba682244b73be91d2fdb",
                "sha256:a29b3ca4ec9defec6d42bf5feb36bb5817ba3c0230dd83b4edf4bf02684cd0ae",
                "sha256:a9e1f75f96ea388fbcef36c70640c4efbe4650658f3d6a2967b4cc70e907352e",
                "sha256:accfe7e982411da3178ec690baaceaad3c278652998b2c45828aaac66cd8285f",
                "sha256:adf20d9a67e0b6393eac162eb81fb10bc9130a80540f4df7e7355c2dd4af9fba",
                "sha256:af9813db73395fb1fc211bac696faea4ca9ef53f32dc0cfa27e4e7cf766dcf24",
                "sha256:b1c8068513f5b158cf7e29c43a77eb34b407db29aca749d3eb9293ee0d3103ca",
                "sha256:b3a24a1982ae56461cc24f6680604fffa2c1b818e9dc55680da038792e004d18",
                "sha256:bda845b664bb6c91446ca9609fc69f7db6c334ec5e4adc87571c34e4f47b7ddb",
                "sha256:c381bda330ddf2fccbafab789d83ebc6c53db126e4383e73794c74eedce855ef",
                "sha256:c3ae8e75eb7160851e59adc77b3a19a976e50622e44fd4fd47b8b18208189d42",
                "sha256:d1c1b569ecafe3a69380a94e6ae09a4789bbb23666f3d3a08d06bbd2451f5ef1",
                "sha256:def68d7c21984b0f8218e8a15d514f714d96904265164f75f8d3a70f9c295667",
                "sha256:dffc08ca91c9ac09008870c9eb77b00a46b3378719584059c034b8945e26b272",
                "sha256:e3699852e22aa68c10de06524a3721ade969abf382da95884e6a10ff798f9281",
                "sha256:e6aa71ae45f952a2205377773e76f4e3f27951df38e69a4c95440c779e013560",
                "sha256:e847774f8ffd5b398a75bc1c18fbb56564cda3d629fe68fd81971fece2d3c67e",
                "sha256:ffb7a888a047696e7f8240d649b43fb3644f14f0ee229077e7f6b9f9081635bd"
            ],
            "index": "pypi",
            "version": "==2.9.3"
        },
        "pymysql": {
            "hashes": [
                "sha256:41fc3a0c5013d5f039639442321185532e3e2c8924687abe6537de157d403641",
                "sha256:816927a350f38d56072aeca5dfb10221fe1dc653745853d30a216637f5d7ad36"
            ],
            "index": "pypi",
            "version": "==1.0.2"
        },
        "pyodbc": {
            "hashes": [
                "sha256:22a1b1f69fc0694ad5cccd0e59bd154c6a7a3f3520eca15c8cb6b6d2e9a61a29",
                "sha256:30c7ee71e2361d19f6bdaba138a635e3b956501365c1e4f9492ce8ae25497fc7",
                "sha256:3b9f387de4b4ddb9a14cbc29bf2243e1852936a7bdaf008415766ddaa5bcb23a",
                "sha256:7653763421de86a592a1f6e90795c123a8ab376f3c60479b93e60323600dc94b",
                "sha256:78d73b9c1fadcaca50d5ba76fcef08da866989cba5a3b347bbbeb809898c5db0",
                "sha256:89256e79d23415887cacf0a821f9f94baa5d833080521d456687d5e88c40c226",
                "sha256:9dd09ea1f8b0cbd0f9084cf71621fb0362fcf98677dccbf72ab7290b4e1f8290",
                "sha256:9dfed15c049c3862d3c00b9e407548339f2483b0044fe2d0941acfac5c3168fa",
                "sha256:b3dbc1fe79e563d3ada9dda8a7f9339823fc8b6286f6bac8caa2f5784b098dbf",
                "sha256:c26f13f68bb67358d06c8e451b7129ffd0f7bfd0b9862c25eb84231c06570969",
                "sha256:d35c39d5bae89a467be02e438e98dd665d9e764a631558a2ba7c3d4f9c1c0ba1",
                "sha256:ee71646c173db7d9672706a2ffab453731e3e71bd33ca77bba87ad0cbceb2a4d",
                "sha256:ef7081be80f72a55d67115743b4b5b549731a1eabac0ff77ed1bbb5317f46b49"
            ],
            "index": "pypi",
            "version": "==4.0.31"
        },
        "sqlalchemy": {
            "hashes": [
                "sha256:004459a78d376ab9c79ac1b613e0f0d44e88a105e4232357d0c7fa4c7b7e3a49",
                "sha256:061c7be6b7042f298187e39528c85b4de233361412c88de9fba62a3ee727eb71",
                "sha256:0666025f44119bd18e1c5ceb536422356dc176d3230a13979ab2a7dd5d24b899",
                "sha256:0c6c556e01b0bbaea85ce030af4347e47fcb695c3254cfd480099ec1ed6ea609",
                "sha256:1a9d46844f4c88dc6cbfcabc6985beebd34661ef3b0e75c216a6428939fb3669",
                "sha256:27e8a5359c6227f3d665b1556169de840b375cf055c800a9bc27ed33f3c51e1b",
                "sha256:293c51d60da2ad52fb88d3f2357ff7ac3c156c5cb81feadd8258d45ebeea0a65",
                "sha256:301f5fb0718e000d47db6ebcee64de91fa94865d7b59872258ba36e4eafbfe8f",
                "sha256:3381fa42e2b388abf448800cf550bbf174eff41f6c57b362077db142417d2922",
                "sha256:35765bf1ff823d05cf9c4eb18ba2db2290b2a2e2196d1a1d06d714ea55c1b997",
                "sha256:38ab55db6ce10c1ab2424d1dfed0add6e6afdeb1c65cec776ac6a01c1fb2f90a",
                "sha256:3b79ab1b7f5c39050daa03c100115efa2d8f996f14bc33cc9535cb60ca8357c4",
                "sha256:43482b8f0bed711b3769037e86c45619370bf529aee605975586fdd80ee770a0",
                "sha256:4b1f661cc378d61f495af49d8af83f779bb802046394e63ab1269b4180fceba0",
                "sha256:55a72010983b655a638ea318b4efa30b04b001c158298ceb47fbf5da296092b0",
                "sha256:5d34374993910d4520681b7b95ea60e05aa18a8ef7d36ffa94bde87730f6426d",
                "sha256:5e8baa4e421136a582f5d9d262ce568ce3eb413d3455650c34d674e5a9f092aa",
                "sha256:6282a712dbcfd86e3fee2e4c459c7337141f774450f60809fd0f0edebd07f37a",
                "sha256:8a3bd94c7d04fed688ba333bfb5a0106800112b9f623aed1e5b0b6466e8c5c66",
                "sha256:8f3e9b71425af186fa51ab0d6172ef81809eb0e9f89b035612a913f8a9b44e4b",
                "sha256:90550ff7a96143579472a93aff6dae0999316528ce0f3165083f93d036e313bf",
                "sha256:92dc029273615ffbb40fa0e1cc8190618f1603ad98b1ad59d57078f1feb969b9",
                "sha256:9a9205379388e57c486244e285d5d5c047ef9241bd4238e9469a4873b75d1e4a",
                "sha256:9e28dc39dd739f48d38486811f5a703673ed11e5968402fff835e60cbf379833",
                "sha256:abeb371ff47633c7d16b1e1e56e3d41a9b0ab34463c1726f22e1b68401d28cac",
                "sha256:afd9326886d424616f6c1b90d99b58c8a99c51f4515c8f8550830f9d4ac04ef3",
                "sha256:b0323d65b4cd9408261026495a650566d62d056adeb848d1f1f8be0da38a1e0a",
                "sha256:b80ddc3bf6088ce83437cdfb2e32099b82a2819c409c85b782a84aa1143f8eda",
                "sha256:ba1ec69fa7abb23c2bc9fcd10b3386ea1f62f9d558b7f3a749988374e6cb6ee5",
                "sha256:bfac4cb8585d7c5b06567c754e999410eb12248f8ce2474dc2d9bc53be1fba0c",
                "sha256:c7892245a79d612e163d2ce72b1e77c863840f7453e9469f6dd3e6b9ded67739",
                "sha256:d561e44c0b480b7e74fa002bea949c9f5aff555724f4d10883391cbd8790c81b",
                "sha256:d8efcdfe08efd12ee91f5e858adb34a0a73071a95c09c47303a656a9bac3b93b",
                "sha256:dd3595576c6cdfd91eb1aaa18f542e9db87b5a5f3552573892d37d91102fd951",
                "sha256:e4d3cf5352f724237e27463de4bf19888235342af2efa37ef1cd391d8b702a16",
                "sha256:ebf6fe4cfd3b79f582b750b7ba69ba779d3fc7498818f8251dc6d38f5d5e206f",
                "sha256:edf1a0cfd9979a805ad0d725e436d6460a5b44afc7de0ffae3321a9d2afeff54",
                "sha256:f2acafb0ef17d591a13621581b5d1abddb3dd25f601f368173135922915f56cd",
                "sha256:f91a4d0815fa9d236380a27762f7bd1304631605b8e2aa75b6b7d03343fd8fe8",
                "sha256:fc486297fe7f1465a2baac371d2153643a34ea1af803b68443bc359cfdc2bbcf",
                "sha256:fec1aebc9256b02a59e8a69d4b7aa2299e04e7b51bb4fd11daaba5df1ad592c7"
            ],
            "index": "pypi",
            "version": "==2.0.2"
        },
        "typing-extensions": {
            "hashes": [
                "sha256:1511434bb92bf8dd198c12b1cc812e800d4181cfcb867674e0f8279cc93087aa",
                "sha256:16fa4864408f655d35ec496218b85f79b3437c829e93320c7c9215ccfd92489e"
            ],
            "markers": "python_version >= '3.7'",
            "version": "==4.4.0"
        }
    },
    "develop": {}
}
