{
    "_meta": {
        "hash": {
            "sha256": "83917596f12004fb0a8937ef9b63a219f46e515443e73b0d2248c66f1f713952"
        },
        "pipfile-spec": 6,
        "requires": {
            "python_version": "3.8"
        },
        "sources": [
            {
                "name": "pypi",
                "url": "https://pypi.org/simple",
                "verify_ssl": true
            }
        ]
    },
    "default": {
        "xlsxwriter": {
            "hashes": [
                "sha256:ec77335fb118c36bc5ed1c89e33904d649e4989df2d7980f7d6a9dd95ee5874e",
                "sha256:f5c7491b8450cf49968428f062355de16c9140aa24eafc466c9dfe107610bd44"
            ],
            "index": "pypi",
            "version": "==3.0.8"
        }
    },
    "develop": {}
}
