{
    "_meta": {
        "hash": {
            "sha256": "2f48b02cc769891ec3122ba7c7e68dbcbbbe07c8ef6f1a66beadc91daeab9aff"
        },
        "pipfile-spec": 6,
        "requires": {
            "python_version": "3.8"
        },
        "sources": [
            {
                "name": "pypi",
                "url": "https://pypi.org/simple",
                "verify_ssl": true
            }
        ]
    },
    "default": {
        "tld": {
            "hashes": [
                "sha256:93dde5e1c04bdf1844976eae440706379d21f4ab235b73c05d7483e074fb5629",
                "sha256:f75b2be080f767ed17c2338a339eaa4fab5792586319ca819119da252f9f3749"
            ],
            "index": "pypi",
            "version": "==0.13"
        },
        "validate-email": {
            "hashes": [
                "sha256:784719dc5f780be319cdd185dc85dd93afebdb6ebb943811bc4c7c5f9c72aeaf"
            ],
            "index": "pypi",
            "version": "==1.3"
        }
    },
    "develop": {}
}
